
Microsoft Visual Studio Solution File, Format Version 12.00
# Visual Studio 15
VisualStudioVersion = 15.0.27004.2002
MinimumVisualStudioVersion = 10.0.40219.1
Project("{FAE04EC0-301F-11D3-BF4B-00C04F79EFBC}") = "Homework8", "Homework8\Homework8.csproj", "{1FC6CF73-D063-4F66-9BC0-CB563F808F38}"
EndProject
Project("{CC5FD16D-436D-48AD-A40C-5A424C6E3E79}") = "Homework8.Azure", "Homework8.Azure\Homework8.Azure.ccproj", "{B08AEAB1-B8A1-4BBB-AE99-835091124CA9}"
EndProject
Global
	GlobalSection(SolutionConfigurationPlatforms) = preSolution
		Debug|Any CPU = Debug|Any CPU
		Release|Any CPU = Release|Any CPU
	EndGlobalSection
	GlobalSection(ProjectConfigurationPlatforms) = postSolution
		{1FC6CF73-D063-4F66-9BC0-CB563F808F38}.Debug|Any CPU.ActiveCfg = Debug|Any CPU
		{1FC6CF73-D063-4F66-9BC0-CB563F808F38}.Debug|Any CPU.Build.0 = Debug|Any CPU
		{1FC6CF73-D063-4F66-9BC0-CB563F808F38}.Release|Any CPU.ActiveCfg = Release|Any CPU
		{1FC6CF73-D063-4F66-9BC0-CB563F808F38}.Release|Any CPU.Build.0 = Release|Any CPU
		{B08AEAB1-B8A1-4BBB-AE99-835091124CA9}.Debug|Any CPU.ActiveCfg = Debug|Any CPU
		{B08AEAB1-B8A1-4BBB-AE99-835091124CA9}.Debug|Any CPU.Build.0 = Debug|Any CPU
		{B08AEAB1-B8A1-4BBB-AE99-835091124CA9}.Release|Any CPU.ActiveCfg = Release|Any CPU
		{B08AEAB1-B8A1-4BBB-AE99-835091124CA9}.Release|Any CPU.Build.0 = Release|Any CPU
	EndGlobalSection
	GlobalSection(SolutionProperties) = preSolution
		HideSolutionNode = FALSE
	EndGlobalSection
	GlobalSection(ExtensibilityGlobals) = postSolution
		SolutionGuid = {3D95B9A5-6E7D-4100-9D4E-964B9D0A9772}
	EndGlobalSection
EndGlobal
